
Microsoft Visual Studio Solution File, Format Version 12.00
# Visual Studio Version 17
VisualStudioVersion = 17.8.34511.84
MinimumVisualStudioVersion = 10.0.40219.1
Project("{2150E333-8FDC-42A3-9474-1A3956D46DE8}") = "src", "src", "{AF031A73-4E41-4577-997F-5480FB4E0026}"
EndProject
Project("{FAE04EC0-301F-11D3-BF4B-00C04F79EFBC}") = "Redis.OM.Identity", "src\Redis.OM.Identity\Redis.OM.Identity.csproj", "{B6594FD9-BABC-4A5D-BEFD-820074319E46}"
EndProject
Global
	GlobalSection(SolutionConfigurationPlatforms) = preSolution
		Debug|Any CPU = Debug|Any CPU
		Release|Any CPU = Release|Any CPU
	EndGlobalSection
	GlobalSection(ProjectConfigurationPlatforms) = postSolution
		{B6594FD9-BABC-4A5D-BEFD-820074319E46}.Debug|Any CPU.ActiveCfg = Debug|Any CPU
		{B6594FD9-BABC-4A5D-BEFD-820074319E46}.Debug|Any CPU.Build.0 = Debug|Any CPU
		{B6594FD9-BABC-4A5D-BEFD-820074319E46}.Release|Any CPU.ActiveCfg = Release|Any CPU
		{B6594FD9-BABC-4A5D-BEFD-820074319E46}.Release|Any CPU.Build.0 = Release|Any CPU
	EndGlobalSection
	GlobalSection(SolutionProperties) = preSolution
		HideSolutionNode = FALSE
	EndGlobalSection
	GlobalSection(NestedProjects) = preSolution
		{B6594FD9-BABC-4A5D-BEFD-820074319E46} = {AF031A73-4E41-4577-997F-5480FB4E0026}
	EndGlobalSection
	GlobalSection(ExtensibilityGlobals) = postSolution
		SolutionGuid = {3A47B937-B21D-46C0-A53E-0DC1D9DF62A3}
	EndGlobalSection
EndGlobal
